
Microsoft Visual Studio Solution File, Format Version 12.00
# Visual Studio Version 16
VisualStudioVersion = 16.0.31313.79
MinimumVisualStudioVersion = 10.0.40219.1
Project("{2150E333-8FDC-42A3-9474-1A3956D46DE8}") = "Solution Items", "Solution Items", "{D4BFC9D0-5884-4C65-842B-2DB336F05445}"
	ProjectSection(SolutionItems) = preProject
		..\.gitmodules = ..\.gitmodules
		Directory.Build.props = Directory.Build.props
		NuGet.config = NuGet.config
		setenv.sh = setenv.sh
		setenv_unix.sh = setenv_unix.sh
		setenv_windows.sh = setenv_windows.sh
		upload_all.sh = upload_all.sh
		upload_project.sh = upload_project.sh
	EndProjectSection
EndProject
Project("{9A19103F-16F7-4668-BE54-9A1E7A4F7556}") = "Fact.Extensions.Validation", "Fact.Extensions.Validation\Fact.Extensions.Validation.csproj", "{FD29BDBF-DF98-4F29-9AED-10A848D940E3}"
EndProject
Project("{9A19103F-16F7-4668-BE54-9A1E7A4F7556}") = "Fact.Extensions.Validation.xUnit", "Fact.Extensions.Validation.xUnit\Fact.Extensions.Validation.xUnit.csproj", "{E69D3301-E007-4562-9F94-53422411B5E5}"
EndProject
Project("{9A19103F-16F7-4668-BE54-9A1E7A4F7556}") = "Fact.Extensions.Validation.WinForms", "Fact.Extensions.Validation.WinForms\Fact.Extensions.Validation.WinForms.csproj", "{9EB20443-0179-44F4-A38D-828C97E3B0FC}"
EndProject
Project("{9A19103F-16F7-4668-BE54-9A1E7A4F7556}") = "Fact.Extensions.Validation.WinForms.Tester", "Fact.Extensions.Validation.WinForms.Tester\Fact.Extensions.Validation.WinForms.Tester.csproj", "{14EEE453-8DCF-4D38-97C6-E8002ED94372}"
EndProject
Project("{FAE04EC0-301F-11D3-BF4B-00C04F79EFBC}") = "Fact.Extensions.Validation.Synthetic", "Fact.Extensions.Validation.Synthetic\Fact.Extensions.Validation.Synthetic.csproj", "{5FC40A20-430C-489B-9744-7769A97A3FBD}"
EndProject
Global
	GlobalSection(SolutionConfigurationPlatforms) = preSolution
		Debug|Any CPU = Debug|Any CPU
		Debug|macOS = Debug|macOS
		Release|Any CPU = Release|Any CPU
		Release|macOS = Release|macOS
	EndGlobalSection
	GlobalSection(ProjectConfigurationPlatforms) = postSolution
		{FD29BDBF-DF98-4F29-9AED-10A848D940E3}.Debug|Any CPU.ActiveCfg = Debug|Any CPU
		{FD29BDBF-DF98-4F29-9AED-10A848D940E3}.Debug|Any CPU.Build.0 = Debug|Any CPU
		{FD29BDBF-DF98-4F29-9AED-10A848D940E3}.Debug|macOS.ActiveCfg = Debug|macOS
		{FD29BDBF-DF98-4F29-9AED-10A848D940E3}.Debug|macOS.Build.0 = Debug|macOS
		{FD29BDBF-DF98-4F29-9AED-10A848D940E3}.Release|Any CPU.ActiveCfg = Release|Any CPU
		{FD29BDBF-DF98-4F29-9AED-10A848D940E3}.Release|Any CPU.Build.0 = Release|Any CPU
		{FD29BDBF-DF98-4F29-9AED-10A848D940E3}.Release|macOS.ActiveCfg = Release|macOS
		{FD29BDBF-DF98-4F29-9AED-10A848D940E3}.Release|macOS.Build.0 = Release|macOS
		{E69D3301-E007-4562-9F94-53422411B5E5}.Debug|Any CPU.ActiveCfg = Debug|Any CPU
		{E69D3301-E007-4562-9F94-53422411B5E5}.Debug|Any CPU.Build.0 = Debug|Any CPU
		{E69D3301-E007-4562-9F94-53422411B5E5}.Debug|macOS.ActiveCfg = Debug|macOS
		{E69D3301-E007-4562-9F94-53422411B5E5}.Debug|macOS.Build.0 = Debug|macOS
		{E69D3301-E007-4562-9F94-53422411B5E5}.Release|Any CPU.ActiveCfg = Release|Any CPU
		{E69D3301-E007-4562-9F94-53422411B5E5}.Release|Any CPU.Build.0 = Release|Any CPU
		{E69D3301-E007-4562-9F94-53422411B5E5}.Release|macOS.ActiveCfg = Release|macOS
		{E69D3301-E007-4562-9F94-53422411B5E5}.Release|macOS.Build.0 = Release|macOS
		{9EB20443-0179-44F4-A38D-828C97E3B0FC}.Debug|Any CPU.ActiveCfg = Debug|Any CPU
		{9EB20443-0179-44F4-A38D-828C97E3B0FC}.Debug|Any CPU.Build.0 = Debug|Any CPU
		{9EB20443-0179-44F4-A38D-828C97E3B0FC}.Debug|macOS.ActiveCfg = Debug|macOS
		{9EB20443-0179-44F4-A38D-828C97E3B0FC}.Release|Any CPU.ActiveCfg = Release|Any CPU
		{9EB20443-0179-44F4-A38D-828C97E3B0FC}.Release|Any CPU.Build.0 = Release|Any CPU
		{9EB20443-0179-44F4-A38D-828C97E3B0FC}.Release|macOS.ActiveCfg = Release|macOS
		{9EB20443-0179-44F4-A38D-828C97E3B0FC}.Release|macOS.Build.0 = Release|macOS
		{14EEE453-8DCF-4D38-97C6-E8002ED94372}.Debug|Any CPU.ActiveCfg = Debug|Any CPU
		{14EEE453-8DCF-4D38-97C6-E8002ED94372}.Debug|Any CPU.Build.0 = Debug|Any CPU
		{14EEE453-8DCF-4D38-97C6-E8002ED94372}.Debug|macOS.ActiveCfg = Debug|macOS
		{14EEE453-8DCF-4D38-97C6-E8002ED94372}.Release|Any CPU.ActiveCfg = Release|Any CPU
		{14EEE453-8DCF-4D38-97C6-E8002ED94372}.Release|Any CPU.Build.0 = Release|Any CPU
		{14EEE453-8DCF-4D38-97C6-E8002ED94372}.Release|macOS.ActiveCfg = Release|macOS
		{14EEE453-8DCF-4D38-97C6-E8002ED94372}.Release|macOS.Build.0 = Release|macOS
		{5FC40A20-430C-489B-9744-7769A97A3FBD}.Debug|Any CPU.ActiveCfg = Debug|Any CPU
		{5FC40A20-430C-489B-9744-7769A97A3FBD}.Debug|Any CPU.Build.0 = Debug|Any CPU
		{5FC40A20-430C-489B-9744-7769A97A3FBD}.Debug|macOS.ActiveCfg = Debug|Any CPU
		{5FC40A20-430C-489B-9744-7769A97A3FBD}.Debug|macOS.Build.0 = Debug|Any CPU
		{5FC40A20-430C-489B-9744-7769A97A3FBD}.Release|Any CPU.ActiveCfg = Release|Any CPU
		{5FC40A20-430C-489B-9744-7769A97A3FBD}.Release|Any CPU.Build.0 = Release|Any CPU
		{5FC40A20-430C-489B-9744-7769A97A3FBD}.Release|macOS.ActiveCfg = Release|Any CPU
		{5FC40A20-430C-489B-9744-7769A97A3FBD}.Release|macOS.Build.0 = Release|Any CPU
	EndGlobalSection
	GlobalSection(SolutionProperties) = preSolution
		HideSolutionNode = FALSE
	EndGlobalSection
	GlobalSection(ExtensibilityGlobals) = postSolution
		SolutionGuid = {B322F746-8523-4749-93D2-9A89515AD73A}
	EndGlobalSection
EndGlobal
